// !$*UTF8*$!
{
	archiveVersion = 1;
	classes = {
	};
	objectVersion = 77;
	objects = {

/* Begin PBXBuildFile section */
		1C5364892F1DE6670056E6F3 /* FHIROptions.swift in Sources */ = {isa = PBXBuildFile; fileRef = 1C5364882F1DE6670056E6F3 /* FHIROptions.swift */; };
		1C57F14E2F20C47F00123629 /* PRIVACY.md in Resources */ = {isa = PBXBuildFile; fileRef = 1C57F14C2F20C47F00123629 /* PRIVACY.md */; };
		1C57F14F2F20C47F00123629 /* INSTALL.md in Resources */ = {isa = PBXBuildFile; fileRef = 1C57F14A2F20C47F00123629 /* INSTALL.md */; };
		1C57F1502F20C47F00123629 /* package-zip.sh in Resources */ = {isa = PBXBuildFile; fileRef = 1C57F14B2F20C47F00123629 /* package-zip.sh */; };
		1C57F1512F20C47F00123629 /* CONTRIBUTING.md in Resources */ = {isa = PBXBuildFile; fileRef = 1C57F1492F20C47F00123629 /* CONTRIBUTING.md */; };
		1C57F1522F20C47F00123629 /* ARCHITECTURE.md in Resources */ = {isa = PBXBuildFile; fileRef = 1C57F1472F20C47F00123629 /* ARCHITECTURE.md */; };
		1C57F1532F20C47F00123629 /* CHANGELOG.md in Resources */ = {isa = PBXBuildFile; fileRef = 1C57F1482F20C47F00123629 /* CHANGELOG.md */; };
		1C57F1542F20C47F00123629 /* README.md in Resources */ = {isa = PBXBuildFile; fileRef = 1C57F14D2F20C47F00123629 /* README.md */; };
/* End PBXBuildFile section */

/* Begin PBXContainerItemProxy section */
		1C64E8FA2F29C41D00344AA8 /* PBXContainerItemProxy */ = {
			isa = PBXContainerItemProxy;
			containerPortal = 1C305A722F16318300F58379 /* Project object */;
			proxyType = 1;
			remoteGlobalIDString = 1C305A792F16318300F58379;
			remoteInfo = Codeagogo;
		};
		1CTEST0012F20000100000001 /* PBXContainerItemProxy */ = {
			isa = PBXContainerItemProxy;
			containerPortal = 1C305A722F16318300F58379 /* Project object */;
			proxyType = 1;
			remoteGlobalIDString = 1C305A792F16318300F58379;
			remoteInfo = Codeagogo;
		};
/* End PBXContainerItemProxy section */

/* Begin PBXFileReference section */
		1C305A7A2F16318300F58379 /* Codeagogo.app */ = {isa = PBXFileReference; explicitFileType = wrapper.application; includeInIndex = 0; path = Codeagogo.app; sourceTree = BUILT_PRODUCTS_DIR; };
		1C5364882F1DE6670056E6F3 /* FHIROptions.swift */ = {isa = PBXFileReference; lastKnownFileType = sourcecode.swift; path = FHIROptions.swift; sourceTree = "<group>"; };
		1C57F1472F20C47F00123629 /* ARCHITECTURE.md */ = {isa = PBXFileReference; lastKnownFileType = net.daringfireball.markdown; path = ARCHITECTURE.md; sourceTree = "<group>"; };
		1C57F1482F20C47F00123629 /* CHANGELOG.md */ = {isa = PBXFileReference; lastKnownFileType = net.daringfireball.markdown; path = CHANGELOG.md; sourceTree = "<group>"; };
		1C57F1492F20C47F00123629 /* CONTRIBUTING.md */ = {isa = PBXFileReference; lastKnownFileType = net.daringfireball.markdown; path = CONTRIBUTING.md; sourceTree = "<group>"; };
		1C57F14A2F20C47F00123629 /* INSTALL.md */ = {isa = PBXFileReference; lastKnownFileType = net.daringfireball.markdown; path = INSTALL.md; sourceTree = "<group>"; };
		1C57F14B2F20C47F00123629 /* package-zip.sh */ = {isa = PBXFileReference; lastKnownFileType = text.script.sh; path = "package-zip.sh"; sourceTree = "<group>"; };
		1C57F14C2F20C47F00123629 /* PRIVACY.md */ = {isa = PBXFileReference; lastKnownFileType = net.daringfireball.markdown; path = PRIVACY.md; sourceTree = "<group>"; };
		1C57F14D2F20C47F00123629 /* README.md */ = {isa = PBXFileReference; lastKnownFileType = net.daringfireball.markdown; path = README.md; sourceTree = "<group>"; };
		1C64E8F42F29C41D00344AA8 /* CodeagogoUITests.xctest */ = {isa = PBXFileReference; explicitFileType = wrapper.cfbundle; includeInIndex = 0; path = CodeagogoUITests.xctest; sourceTree = BUILT_PRODUCTS_DIR; };
		1CTEST0012F20000100000002 /* CodeagogoTests.xctest */ = {isa = PBXFileReference; explicitFileType = wrapper.cfbundle; includeInIndex = 0; path = CodeagogoTests.xctest; sourceTree = BUILT_PRODUCTS_DIR; };
/* End PBXFileReference section */

/* Begin PBXFileSystemSynchronizedRootGroup section */
		1C305A7C2F16318300F58379 /* Codeagogo */ = {
			isa = PBXFileSystemSynchronizedRootGroup;
			path = Codeagogo;
			sourceTree = "<group>";
		};
		1C64E8F52F29C41D00344AA8 /* CodeagogoUITests */ = {
			isa = PBXFileSystemSynchronizedRootGroup;
			path = CodeagogoUITests;
			sourceTree = "<group>";
		};
		1CTEST0012F20000100000003 /* CodeagogoTests */ = {
			isa = PBXFileSystemSynchronizedRootGroup;
			path = CodeagogoTests;
			sourceTree = "<group>";
		};
/* End PBXFileSystemSynchronizedRootGroup section */

/* Begin PBXFrameworksBuildPhase section */
		1C305A772F16318300F58379 /* Frameworks */ = {
			isa = PBXFrameworksBuildPhase;
			buildActionMask = 2147483647;
			files = (
			);
			runOnlyForDeploymentPostprocessing = 0;
		};
		1C64E8F12F29C41D00344AA8 /* Frameworks */ = {
			isa = PBXFrameworksBuildPhase;
			buildActionMask = 2147483647;
			files = (
			);
			runOnlyForDeploymentPostprocessing = 0;
		};
		1CTEST0012F20000100000004 /* Frameworks */ = {
			isa = PBXFrameworksBuildPhase;
			buildActionMask = 2147483647;
			files = (
			);
			runOnlyForDeploymentPostprocessing = 0;
		};
/* End PBXFrameworksBuildPhase section */

/* Begin PBXGroup section */
		1C305A712F16318300F58379 = {
			isa = PBXGroup;
			children = (
				1C57F1472F20C47F00123629 /* ARCHITECTURE.md */,
				1C57F1482F20C47F00123629 /* CHANGELOG.md */,
				1C57F1492F20C47F00123629 /* CONTRIBUTING.md */,
				1C57F14A2F20C47F00123629 /* INSTALL.md */,
				1C57F14B2F20C47F00123629 /* package-zip.sh */,
				1C57F14C2F20C47F00123629 /* PRIVACY.md */,
				1C57F14D2F20C47F00123629 /* README.md */,
				1C305A7C2F16318300F58379 /* Codeagogo */,
				1CTEST0012F20000100000003 /* CodeagogoTests */,
				1C64E8F52F29C41D00344AA8 /* CodeagogoUITests */,
				1C305A7B2F16318300F58379 /* Products */,
				1C5364882F1DE6670056E6F3 /* FHIROptions.swift */,
			);
			sourceTree = "<group>";
		};
		1C305A7B2F16318300F58379 /* Products */ = {
			isa = PBXGroup;
			children = (
				1C305A7A2F16318300F58379 /* Codeagogo.app */,
				1CTEST0012F20000100000002 /* CodeagogoTests.xctest */,
				1C64E8F42F29C41D00344AA8 /* CodeagogoUITests.xctest */,
			);
			name = Products;
			sourceTree = "<group>";
		};
/* End PBXGroup section */

/* Begin PBXNativeTarget section */
		1C305A792F16318300F58379 /* Codeagogo */ = {
			isa = PBXNativeTarget;
			buildConfigurationList = 1C305A852F16318500F58379 /* Build configuration list for PBXNativeTarget "Codeagogo" */;
			buildPhases = (
				1C305A762F16318300F58379 /* Sources */,
				1C305A772F16318300F58379 /* Frameworks */,
				1C305A782F16318300F58379 /* Resources */,
			);
			buildRules = (
			);
			dependencies = (
			);
			fileSystemSynchronizedGroups = (
				1C305A7C2F16318300F58379 /* Codeagogo */,
			);
			name = Codeagogo;
			packageProductDependencies = (
			);
			productName = Codeagogo;
			productReference = 1C305A7A2F16318300F58379 /* Codeagogo.app */;
			productType = "com.apple.product-type.application";
		};
		1C64E8F32F29C41D00344AA8 /* CodeagogoUITests */ = {
			isa = PBXNativeTarget;
			buildConfigurationList = 1C64E8FE2F29C41D00344AA8 /* Build configuration list for PBXNativeTarget "CodeagogoUITests" */;
			buildPhases = (
				1C64E8F02F29C41D00344AA8 /* Sources */,
				1C64E8F12F29C41D00344AA8 /* Frameworks */,
				1C64E8F22F29C41D00344AA8 /* Resources */,
			);
			buildRules = (
			);
			dependencies = (
				1C64E8FB2F29C41D00344AA8 /* PBXTargetDependency */,
			);
			fileSystemSynchronizedGroups = (
				1C64E8F52F29C41D00344AA8 /* CodeagogoUITests */,
			);
			name = CodeagogoUITests;
			packageProductDependencies = (
			);
			productName = CodeagogoUITests;
			productReference = 1C64E8F42F29C41D00344AA8 /* CodeagogoUITests.xctest */;
			productType = "com.apple.product-type.bundle.ui-testing";
		};
		1CTEST0012F20000100000005 /* CodeagogoTests */ = {
			isa = PBXNativeTarget;
			buildConfigurationList = 1CTEST0012F20000100000010 /* Build configuration list for PBXNativeTarget "CodeagogoTests" */;
			buildPhases = (
				1CTEST0012F20000100000006 /* Sources */,
				1CTEST0012F20000100000004 /* Frameworks */,
				1CTEST0012F20000100000007 /* Resources */,
			);
			buildRules = (
			);
			dependencies = (
				1CTEST0012F20000100000008 /* PBXTargetDependency */,
			);
			fileSystemSynchronizedGroups = (
				1CTEST0012F20000100000003 /* CodeagogoTests */,
			);
			name = CodeagogoTests;
			packageProductDependencies = (
			);
			productName = CodeagogoTests;
			productReference = 1CTEST0012F20000100000002 /* CodeagogoTests.xctest */;
			productType = "com.apple.product-type.bundle.unit-test";
		};
/* End PBXNativeTarget section */

/* Begin PBXProject section */
		1C305A722F16318300F58379 /* Project object */ = {
			isa = PBXProject;
			attributes = {
				BuildIndependentTargetsInParallel = 1;
				LastSwiftUpdateCheck = 2620;
				LastUpgradeCheck = 2620;
				TargetAttributes = {
					1C305A792F16318300F58379 = {
						CreatedOnToolsVersion = 26.2;
					};
					1C64E8F32F29C41D00344AA8 = {
						CreatedOnToolsVersion = 26.2;
						TestTargetID = 1C305A792F16318300F58379;
					};
					1CTEST0012F20000100000005 = {
						CreatedOnToolsVersion = 26.2;
						TestTargetID = 1C305A792F16318300F58379;
					};
				};
			};
			buildConfigurationList = 1C305A752F16318300F58379 /* Build configuration list for PBXProject "Codeagogo" */;
			developmentRegion = en;
			hasScannedForEncodings = 0;
			knownRegions = (
				en,
				Base,
			);
			mainGroup = 1C305A712F16318300F58379;
			minimizedProjectReferenceProxies = 1;
			preferredProjectObjectVersion = 77;
			productRefGroup = 1C305A7B2F16318300F58379 /* Products */;
			projectDirPath = "";
			projectRoot = "";
			targets = (
				1C305A792F16318300F58379 /* Codeagogo */,
				1CTEST0012F20000100000005 /* CodeagogoTests */,
				1C64E8F32F29C41D00344AA8 /* CodeagogoUITests */,
			);
		};
/* End PBXProject section */

/* Begin PBXResourcesBuildPhase section */
		1C305A782F16318300F58379 /* Resources */ = {
			isa = PBXResourcesBuildPhase;
			buildActionMask = 2147483647;
			files = (
				1C57F14E2F20C47F00123629 /* PRIVACY.md in Resources */,
				1C57F14F2F20C47F00123629 /* INSTALL.md in Resources */,
				1C57F1502F20C47F00123629 /* package-zip.sh in Resources */,
				1C57F1512F20C47F00123629 /* CONTRIBUTING.md in Resources */,
				1C57F1522F20C47F00123629 /* ARCHITECTURE.md in Resources */,
				1C57F1532F20C47F00123629 /* CHANGELOG.md in Resources */,
				1C57F1542F20C47F00123629 /* README.md in Resources */,
			);
			runOnlyForDeploymentPostprocessing = 0;
		};
		1C64E8F22F29C41D00344AA8 /* Resources */ = {
			isa = PBXResourcesBuildPhase;
			buildActionMask = 2147483647;
			files = (
			);
			runOnlyForDeploymentPostprocessing = 0;
		};
		1CTEST0012F20000100000007 /* Resources */ = {
			isa = PBXResourcesBuildPhase;
			buildActionMask = 2147483647;
			files = (
			);
			runOnlyForDeploymentPostprocessing = 0;
		};
/* End PBXResourcesBuildPhase section */

/* Begin PBXSourcesBuildPhase section */
		1C305A762F16318300F58379 /* Sources */ = {
			isa = PBXSourcesBuildPhase;
			buildActionMask = 2147483647;
			files = (
				1C5364892F1DE6670056E6F3 /* FHIROptions.swift in Sources */,
			);
			runOnlyForDeploymentPostprocessing = 0;
		};
		1C64E8F02F29C41D00344AA8 /* Sources */ = {
			isa = PBXSourcesBuildPhase;
			buildActionMask = 2147483647;
			files = (
			);
			runOnlyForDeploymentPostprocessing = 0;
		};
		1CTEST0012F20000100000006 /* Sources */ = {
			isa = PBXSourcesBuildPhase;
			buildActionMask = 2147483647;
			files = (
			);
			runOnlyForDeploymentPostprocessing = 0;
		};
/* End PBXSourcesBuildPhase section */

/* Begin PBXTargetDependency section */
		1C64E8FB2F29C41D00344AA8 /* PBXTargetDependency */ = {
			isa = PBXTargetDependency;
			target = 1C305A792F16318300F58379 /* Codeagogo */;
			targetProxy = 1C64E8FA2F29C41D00344AA8 /* PBXContainerItemProxy */;
		};
		1CTEST0012F20000100000008 /* PBXTargetDependency */ = {
			isa = PBXTargetDependency;
			target = 1C305A792F16318300F58379 /* Codeagogo */;
			targetProxy = 1CTEST0012F20000100000001 /* PBXContainerItemProxy */;
		};
/* End PBXTargetDependency section */

/* Begin XCBuildConfiguration section */
		1C305A832F16318500F58379 /* Debug */ = {
			isa = XCBuildConfiguration;
			buildSettings = {
				ALWAYS_SEARCH_USER_PATHS = NO;
				ASSETCATALOG_COMPILER_GENERATE_SWIFT_ASSET_SYMBOL_EXTENSIONS = YES;
				CLANG_ANALYZER_NONNULL = YES;
				CLANG_ANALYZER_NUMBER_OBJECT_CONVERSION = YES_AGGRESSIVE;
				CLANG_CXX_LANGUAGE_STANDARD = "gnu++20";
				CLANG_ENABLE_MODULES = YES;
				CLANG_ENABLE_OBJC_ARC = YES;
				CLANG_ENABLE_OBJC_WEAK = YES;
				CLANG_WARN_BLOCK_CAPTURE_AUTORELEASING = YES;
				CLANG_WARN_BOOL_CONVERSION = YES;
				CLANG_WARN_COMMA = YES;
				CLANG_WARN_CONSTANT_CONVERSION = YES;
				CLANG_WARN_DEPRECATED_OBJC_IMPLEMENTATIONS = YES;
				CLANG_WARN_DIRECT_OBJC_ISA_USAGE = YES_ERROR;
				CLANG_WARN_DOCUMENTATION_COMMENTS = YES;
				CLANG_WARN_EMPTY_BODY = YES;
				CLANG_WARN_ENUM_CONVERSION = YES;
				CLANG_WARN_INFINITE_RECURSION = YES;
				CLANG_WARN_INT_CONVERSION = YES;
				CLANG_WARN_NON_LITERAL_NULL_CONVERSION = YES;
				CLANG_WARN_OBJC_IMPLICIT_RETAIN_SELF = YES;
				CLANG_WARN_OBJC_LITERAL_CONVERSION = YES;
				CLANG_WARN_OBJC_ROOT_CLASS = YES_ERROR;
				CLANG_WARN_QUOTED_INCLUDE_IN_FRAMEWORK_HEADER = YES;
				CLANG_WARN_RANGE_LOOP_ANALYSIS = YES;
				CLANG_WARN_STRICT_PROTOTYPES = YES;
				CLANG_WARN_SUSPICIOUS_MOVE = YES;
				CLANG_WARN_UNGUARDED_AVAILABILITY = YES_AGGRESSIVE;
				CLANG_WARN_UNREACHABLE_CODE = YES;
				CLANG_WARN__DUPLICATE_METHOD_MATCH = YES;
				COPY_PHASE_STRIP = NO;
				DEBUG_INFORMATION_FORMAT = dwarf;
				DEVELOPMENT_TEAM = 4J95R3J2BS;
				ENABLE_STRICT_OBJC_MSGSEND = YES;
				ENABLE_TESTABILITY = YES;
				ENABLE_USER_SCRIPT_SANDBOXING = YES;
				GCC_C_LANGUAGE_STANDARD = gnu17;
				GCC_DYNAMIC_NO_PIC = NO;
				GCC_NO_COMMON_BLOCKS = YES;
				GCC_OPTIMIZATION_LEVEL = 0;
				GCC_PREPROCESSOR_DEFINITIONS = (
					"DEBUG=1",
					"$(inherited)",
				);
				GCC_WARN_64_TO_32_BIT_CONVERSION = YES;
				GCC_WARN_ABOUT_RETURN_TYPE = YES_ERROR;
				GCC_WARN_UNDECLARED_SELECTOR = YES;
				GCC_WARN_UNINITIALIZED_AUTOS = YES_AGGRESSIVE;
				GCC_WARN_UNUSED_FUNCTION = YES;
				GCC_WARN_UNUSED_VARIABLE = YES;
				LOCALIZATION_PREFERS_STRING_CATALOGS = YES;
				MTL_ENABLE_DEBUG_INFO = INCLUDE_SOURCE;
				MTL_FAST_MATH = YES;
				ONLY_ACTIVE_ARCH = YES;
				SWIFT_ACTIVE_COMPILATION_CONDITIONS = "DEBUG $(inherited)";
				SWIFT_OPTIMIZATION_LEVEL = "-Onone";
			};
			name = Debug;
		};
		1C305A842F16318500F58379 /* Release */ = {
			isa = XCBuildConfiguration;
			buildSettings = {
				ALWAYS_SEARCH_USER_PATHS = NO;
				ASSETCATALOG_COMPILER_GENERATE_SWIFT_ASSET_SYMBOL_EXTENSIONS = YES;
				CLANG_ANALYZER_NONNULL = YES;
				CLANG_ANALYZER_NUMBER_OBJECT_CONVERSION = YES_AGGRESSIVE;
				CLANG_CXX_LANGUAGE_STANDARD = "gnu++20";
				CLANG_ENABLE_MODULES = YES;
				CLANG_ENABLE_OBJC_ARC = YES;
				CLANG_ENABLE_OBJC_WEAK = YES;
				CLANG_WARN_BLOCK_CAPTURE_AUTORELEASING = YES;
				CLANG_WARN_BOOL_CONVERSION = YES;
				CLANG_WARN_COMMA = YES;
				CLANG_WARN_CONSTANT_CONVERSION = YES;
				CLANG_WARN_DEPRECATED_OBJC_IMPLEMENTATIONS = YES;
				CLANG_WARN_DIRECT_OBJC_ISA_USAGE = YES_ERROR;
				CLANG_WARN_DOCUMENTATION_COMMENTS = YES;
				CLANG_WARN_EMPTY_BODY = YES;
				CLANG_WARN_ENUM_CONVERSION = YES;
				CLANG_WARN_INFINITE_RECURSION = YES;
				CLANG_WARN_INT_CONVERSION = YES;
				CLANG_WARN_NON_LITERAL_NULL_CONVERSION = YES;
				CLANG_WARN_OBJC_IMPLICIT_RETAIN_SELF = YES;
				CLANG_WARN_OBJC_LITERAL_CONVERSION = YES;
				CLANG_WARN_OBJC_ROOT_CLASS = YES_ERROR;
				CLANG_WARN_QUOTED_INCLUDE_IN_FRAMEWORK_HEADER = YES;
				CLANG_WARN_RANGE_LOOP_ANALYSIS = YES;
				CLANG_WARN_STRICT_PROTOTYPES = YES;
				CLANG_WARN_SUSPICIOUS_MOVE = YES;
				CLANG_WARN_UNGUARDED_AVAILABILITY = YES_AGGRESSIVE;
				CLANG_WARN_UNREACHABLE_CODE = YES;
				CLANG_WARN__DUPLICATE_METHOD_MATCH = YES;
				COPY_PHASE_STRIP = NO;
				DEBUG_INFORMATION_FORMAT = "dwarf-with-dsym";
				DEVELOPMENT_TEAM = 4J95R3J2BS;
				ENABLE_NS_ASSERTIONS = NO;
				ENABLE_STRICT_OBJC_MSGSEND = YES;
				ENABLE_USER_SCRIPT_SANDBOXING = YES;
				GCC_C_LANGUAGE_STANDARD = gnu17;
				GCC_NO_COMMON_BLOCKS = YES;
				GCC_WARN_64_TO_32_BIT_CONVERSION = YES;
				GCC_WARN_ABOUT_RETURN_TYPE = YES_ERROR;
				GCC_WARN_UNDECLARED_SELECTOR = YES;
				GCC_WARN_UNINITIALIZED_AUTOS = YES_AGGRESSIVE;
				GCC_WARN_UNUSED_FUNCTION = YES;
				GCC_WARN_UNUSED_VARIABLE = YES;
				LOCALIZATION_PREFERS_STRING_CATALOGS = YES;
				MTL_ENABLE_DEBUG_INFO = NO;
				MTL_FAST_MATH = YES;
				SWIFT_COMPILATION_MODE = wholemodule;
			};
			name = Release;
		};
		1C305A862F16318500F58379 /* Debug */ = {
			isa = XCBuildConfiguration;
			buildSettings = {
				ASSETCATALOG_COMPILER_APPICON_NAME = AppIcon;
				ASSETCATALOG_COMPILER_GLOBAL_ACCENT_COLOR_NAME = AccentColor;
				ASSETCATALOG_COMPILER_INCLUDE_ALL_APPICON_ASSETS = NO;
				CODE_SIGN_STYLE = Automatic;
				CURRENT_PROJECT_VERSION = 1;
				DEVELOPMENT_TEAM = 4J95R3J2BS;
				ENABLE_APP_SANDBOX = NO;
				ENABLE_HARDENED_RUNTIME = YES;
				ENABLE_PREVIEWS = YES;
				GENERATE_INFOPLIST_FILE = YES;
				INFOPLIST_FILE = "Codeagogo-Info.plist";
				INFOPLIST_KEY_LSApplicationCategoryType = "public.app-category.productivity";
				"INFOPLIST_KEY_UIApplicationSceneManifest_Generation[sdk=iphoneos*]" = YES;
				"INFOPLIST_KEY_UIApplicationSceneManifest_Generation[sdk=iphonesimulator*]" = YES;
				"INFOPLIST_KEY_UIApplicationSupportsIndirectInputEvents[sdk=iphoneos*]" = YES;
				"INFOPLIST_KEY_UIApplicationSupportsIndirectInputEvents[sdk=iphonesimulator*]" = YES;
				"INFOPLIST_KEY_UILaunchScreen_Generation[sdk=iphoneos*]" = YES;
				"INFOPLIST_KEY_UILaunchScreen_Generation[sdk=iphonesimulator*]" = YES;
				"INFOPLIST_KEY_UIStatusBarStyle[sdk=iphoneos*]" = UIStatusBarStyleDefault;
				"INFOPLIST_KEY_UIStatusBarStyle[sdk=iphonesimulator*]" = UIStatusBarStyleDefault;
				INFOPLIST_KEY_UISupportedInterfaceOrientations_iPad = "UIInterfaceOrientationPortrait UIInterfaceOrientationPortraitUpsideDown UIInterfaceOrientationLandscapeLeft UIInterfaceOrientationLandscapeRight";
				INFOPLIST_KEY_UISupportedInterfaceOrientations_iPhone = "UIInterfaceOrientationPortrait UIInterfaceOrientationLandscapeLeft UIInterfaceOrientationLandscapeRight";
				IPHONEOS_DEPLOYMENT_TARGET = 26.2;
				LD_RUNPATH_SEARCH_PATHS = "@executable_path/Frameworks";
				"LD_RUNPATH_SEARCH_PATHS[sdk=macosx*]" = "@executable_path/../Frameworks";
				MACOSX_DEPLOYMENT_TARGET = 14.6;
				MARKETING_VERSION = 0.8.0;
				PRODUCT_BUNDLE_IDENTIFIER = au.csiro.Codeagogo;
				PRODUCT_NAME = "$(TARGET_NAME)";
				REGISTER_APP_GROUPS = YES;
				SDKROOT = auto;
				STRING_CATALOG_GENERATE_SYMBOLS = YES;
				SUPPORTED_PLATFORMS = "iphoneos iphonesimulator macosx xros xrsimulator";
				SWIFT_APPROACHABLE_CONCURRENCY = YES;
				SWIFT_DEFAULT_ACTOR_ISOLATION = MainActor;
				SWIFT_EMIT_LOC_STRINGS = YES;
				SWIFT_UPCOMING_FEATURE_MEMBER_IMPORT_VISIBILITY = YES;
				SWIFT_VERSION = 5.0;
				TARGETED_DEVICE_FAMILY = "1,2,7";
				XROS_DEPLOYMENT_TARGET = 26.2;
			};
			name = Debug;
		};
		1C305A872F16318500F58379 /* Release */ = {
			isa = XCBuildConfiguration;
			buildSettings = {
				ASSETCATALOG_COMPILER_APPICON_NAME = AppIcon;
				ASSETCATALOG_COMPILER_GLOBAL_ACCENT_COLOR_NAME = AccentColor;
				ASSETCATALOG_COMPILER_INCLUDE_ALL_APPICON_ASSETS = NO;
				"CODE_SIGN_IDENTITY[sdk=macosx*]" = "Apple Development";
				CODE_SIGN_STYLE = Automatic;
				CURRENT_PROJECT_VERSION = 1;
				DEVELOPMENT_TEAM = 4J95R3J2BS;
				ENABLE_APP_SANDBOX = NO;
				ENABLE_HARDENED_RUNTIME = YES;
				ENABLE_PREVIEWS = YES;
				GENERATE_INFOPLIST_FILE = YES;
				INFOPLIST_FILE = "Codeagogo-Info.plist";
				INFOPLIST_KEY_LSApplicationCategoryType = "public.app-category.productivity";
				"INFOPLIST_KEY_UIApplicationSceneManifest_Generation[sdk=iphoneos*]" = YES;
				"INFOPLIST_KEY_UIApplicationSceneManifest_Generation[sdk=iphonesimulator*]" = YES;
				"INFOPLIST_KEY_UIApplicationSupportsIndirectInputEvents[sdk=iphoneos*]" = YES;
				"INFOPLIST_KEY_UIApplicationSupportsIndirectInputEvents[sdk=iphonesimulator*]" = YES;
				"INFOPLIST_KEY_UILaunchScreen_Generation[sdk=iphoneos*]" = YES;
				"INFOPLIST_KEY_UILaunchScreen_Generation[sdk=iphonesimulator*]" = YES;
				"INFOPLIST_KEY_UIStatusBarStyle[sdk=iphoneos*]" = UIStatusBarStyleDefault;
				"INFOPLIST_KEY_UIStatusBarStyle[sdk=iphonesimulator*]" = UIStatusBarStyleDefault;
				INFOPLIST_KEY_UISupportedInterfaceOrientations_iPad = "UIInterfaceOrientationPortrait UIInterfaceOrientationPortraitUpsideDown UIInterfaceOrientationLandscapeLeft UIInterfaceOrientationLandscapeRight";
				INFOPLIST_KEY_UISupportedInterfaceOrientations_iPhone = "UIInterfaceOrientationPortrait UIInterfaceOrientationLandscapeLeft UIInterfaceOrientationLandscapeRight";
				IPHONEOS_DEPLOYMENT_TARGET = 26.2;
				LD_RUNPATH_SEARCH_PATHS = "@executable_path/Frameworks";
				"LD_RUNPATH_SEARCH_PATHS[sdk=macosx*]" = "@executable_path/../Frameworks";
				MACOSX_DEPLOYMENT_TARGET = 14.6;
				MARKETING_VERSION = 0.8.0;
				PRODUCT_BUNDLE_IDENTIFIER = au.csiro.Codeagogo;
				PRODUCT_NAME = "$(TARGET_NAME)";
				REGISTER_APP_GROUPS = YES;
				SDKROOT = auto;
				STRING_CATALOG_GENERATE_SYMBOLS = YES;
				SUPPORTED_PLATFORMS = "iphoneos iphonesimulator macosx xros xrsimulator";
				SWIFT_APPROACHABLE_CONCURRENCY = YES;
				SWIFT_DEFAULT_ACTOR_ISOLATION = MainActor;
				SWIFT_EMIT_LOC_STRINGS = YES;
				SWIFT_UPCOMING_FEATURE_MEMBER_IMPORT_VISIBILITY = YES;
				SWIFT_VERSION = 5.0;
				TARGETED_DEVICE_FAMILY = "1,2,7";
				XROS_DEPLOYMENT_TARGET = 26.2;
			};
			name = Release;
		};
		1C64E8FC2F29C41D00344AA8 /* Debug */ = {
			isa = XCBuildConfiguration;
			buildSettings = {
				CODE_SIGN_STYLE = Automatic;
				CURRENT_PROJECT_VERSION = 1;
				DEVELOPMENT_TEAM = 4J95R3J2BS;
				GENERATE_INFOPLIST_FILE = YES;
				MACOSX_DEPLOYMENT_TARGET = 26.2;
				MARKETING_VERSION = 1.0;
				PRODUCT_BUNDLE_IDENTIFIER = au.csiro.CodeagogoUITests;
				PRODUCT_NAME = "$(TARGET_NAME)";
				SDKROOT = macosx;
				STRING_CATALOG_GENERATE_SYMBOLS = NO;
				SWIFT_APPROACHABLE_CONCURRENCY = YES;
				SWIFT_EMIT_LOC_STRINGS = NO;
				SWIFT_UPCOMING_FEATURE_MEMBER_IMPORT_VISIBILITY = YES;
				SWIFT_VERSION = 5.0;
				TEST_TARGET_NAME = Codeagogo;
			};
			name = Debug;
		};
		1C64E8FD2F29C41D00344AA8 /* Release */ = {
			isa = XCBuildConfiguration;
			buildSettings = {
				CODE_SIGN_STYLE = Automatic;
				CURRENT_PROJECT_VERSION = 1;
				DEVELOPMENT_TEAM = 4J95R3J2BS;
				GENERATE_INFOPLIST_FILE = YES;
				MACOSX_DEPLOYMENT_TARGET = 26.2;
				MARKETING_VERSION = 1.0;
				PRODUCT_BUNDLE_IDENTIFIER = au.csiro.CodeagogoUITests;
				PRODUCT_NAME = "$(TARGET_NAME)";
				SDKROOT = macosx;
				STRING_CATALOG_GENERATE_SYMBOLS = NO;
				SWIFT_APPROACHABLE_CONCURRENCY = YES;
				SWIFT_EMIT_LOC_STRINGS = NO;
				SWIFT_UPCOMING_FEATURE_MEMBER_IMPORT_VISIBILITY = YES;
				SWIFT_VERSION = 5.0;
				TEST_TARGET_NAME = Codeagogo;
			};
			name = Release;
		};
		1CTEST0012F20000100000011 /* Debug */ = {
			isa = XCBuildConfiguration;
			buildSettings = {
				BUNDLE_LOADER = "$(TEST_HOST)";
				CODE_SIGN_STYLE = Automatic;
				CURRENT_PROJECT_VERSION = 1;
				DEVELOPMENT_TEAM = 4J95R3J2BS;
				GENERATE_INFOPLIST_FILE = YES;
				IPHONEOS_DEPLOYMENT_TARGET = 26.2;
				LD_RUNPATH_SEARCH_PATHS = (
					"$(inherited)",
					"@executable_path/Frameworks",
					"@loader_path/Frameworks",
				);
				"LD_RUNPATH_SEARCH_PATHS[sdk=macosx*]" = (
					"$(inherited)",
					"@executable_path/../Frameworks",
					"@loader_path/../Frameworks",
				);
				MACOSX_DEPLOYMENT_TARGET = 14.6;
				MARKETING_VERSION = 1.0;
				PRODUCT_BUNDLE_IDENTIFIER = au.csiro.CodeagogoTests;
				PRODUCT_NAME = "$(TARGET_NAME)";
				SDKROOT = auto;
				SUPPORTED_PLATFORMS = "iphoneos iphonesimulator macosx xros xrsimulator";
				SWIFT_APPROACHABLE_CONCURRENCY = YES;
				SWIFT_DEFAULT_ACTOR_ISOLATION = MainActor;
				SWIFT_EMIT_LOC_STRINGS = NO;
				SWIFT_VERSION = 5.0;
				TARGETED_DEVICE_FAMILY = "1,2,7";
				TEST_HOST = "$(BUILT_PRODUCTS_DIR)/Codeagogo.app/$(BUNDLE_EXECUTABLE_FOLDER_PATH)/Codeagogo";
				XROS_DEPLOYMENT_TARGET = 26.2;
			};
			name = Debug;
		};
		1CTEST0012F20000100000012 /* Release */ = {
			isa = XCBuildConfiguration;
			buildSettings = {
				BUNDLE_LOADER = "$(TEST_HOST)";
				CODE_SIGN_STYLE = Automatic;
				CURRENT_PROJECT_VERSION = 1;
				DEVELOPMENT_TEAM = 4J95R3J2BS;
				GENERATE_INFOPLIST_FILE = YES;
				IPHONEOS_DEPLOYMENT_TARGET = 26.2;
				LD_RUNPATH_SEARCH_PATHS = (
					"$(inherited)",
					"@executable_path/Frameworks",
					"@loader_path/Frameworks",
				);
				"LD_RUNPATH_SEARCH_PATHS[sdk=macosx*]" = (
					"$(inherited)",
					"@executable_path/../Frameworks",
					"@loader_path/../Frameworks",
				);
				MACOSX_DEPLOYMENT_TARGET = 14.6;
				MARKETING_VERSION = 1.0;
				PRODUCT_BUNDLE_IDENTIFIER = au.csiro.CodeagogoTests;
				PRODUCT_NAME = "$(TARGET_NAME)";
				SDKROOT = auto;
				SUPPORTED_PLATFORMS = "iphoneos iphonesimulator macosx xros xrsimulator";
				SWIFT_APPROACHABLE_CONCURRENCY = YES;
				SWIFT_DEFAULT_ACTOR_ISOLATION = MainActor;
				SWIFT_EMIT_LOC_STRINGS = NO;
				SWIFT_VERSION = 5.0;
				TARGETED_DEVICE_FAMILY = "1,2,7";
				TEST_HOST = "$(BUILT_PRODUCTS_DIR)/Codeagogo.app/$(BUNDLE_EXECUTABLE_FOLDER_PATH)/Codeagogo";
				XROS_DEPLOYMENT_TARGET = 26.2;
			};
			name = Release;
		};
/* End XCBuildConfiguration section */

/* Begin XCConfigurationList section */
		1C305A752F16318300F58379 /* Build configuration list for PBXProject "Codeagogo" */ = {
			isa = XCConfigurationList;
			buildConfigurations = (
				1C305A832F16318500F58379 /* Debug */,
				1C305A842F16318500F58379 /* Release */,
			);
			defaultConfigurationIsVisible = 0;
			defaultConfigurationName = Release;
		};
		1C305A852F16318500F58379 /* Build configuration list for PBXNativeTarget "Codeagogo" */ = {
			isa = XCConfigurationList;
			buildConfigurations = (
				1C305A862F16318500F58379 /* Debug */,
				1C305A872F16318500F58379 /* Release */,
			);
			defaultConfigurationIsVisible = 0;
			defaultConfigurationName = Release;
		};
		1C64E8FE2F29C41D00344AA8 /* Build configuration list for PBXNativeTarget "CodeagogoUITests" */ = {
			isa = XCConfigurationList;
			buildConfigurations = (
				1C64E8FC2F29C41D00344AA8 /* Debug */,
				1C64E8FD2F29C41D00344AA8 /* Release */,
			);
			defaultConfigurationIsVisible = 0;
			defaultConfigurationName = Release;
		};
		1CTEST0012F20000100000010 /* Build configuration list for PBXNativeTarget "CodeagogoTests" */ = {
			isa = XCConfigurationList;
			buildConfigurations = (
				1CTEST0012F20000100000011 /* Debug */,
				1CTEST0012F20000100000012 /* Release */,
			);
			defaultConfigurationIsVisible = 0;
			defaultConfigurationName = Release;
		};
/* End XCConfigurationList section */
	};
	rootObject = 1C305A722F16318300F58379 /* Project object */;
}
